github.com/BurntSushi/toml v0.3.1 h1:WXkYYl6Yr3qBf1K79EBnL4mak0OimBfB0XUf9Vl28OQ=
github.com/BurntSushi/toml v0.3.1/go.mod h1:xHWCNGjB5oqiDr8zfno3MHue2Ht5sIBksp03qcyfWMU=
github.com/grisu48/gopenqa v0.0.0-20210224104953-f86136cfe826/go.mod h1:ZVDyBqnwiOAv+vm7FFB8/S94Rt+0da4lQD5TaZWl8oE=
github.com/grisu48/gopenqa v0.0.0-20210301125648-f72f716c6bfb h1:Xvj1gHwROF2xIPETjhUW7TFXBeq29qoqYRLxu7E4J5w=
github.com/grisu48/gopenqa v0.0.0-20210301125648-f72f716c6bfb/go.mod h1:ZVDyBqnwiOAv+vm7FFB8/S94Rt+0da4lQD5TaZWl8oE=
github.com/grisu48/gopenqa v0.0.0-20210301131952-e781e21a6e9c h1:g8/Zih9pi182bkyGoa3Y/AFXS/qLhv5nTpoQjilwgHo=
github.com/grisu48/gopenqa v0.0.0-20210301131952-e781e21a6e9c/go.mod h1:ZVDyBqnwiOAv+vm7FFB8/S94Rt+0da4lQD5TaZWl8oE=
github.com/streadway/amqp v1.0.0 h1:kuuDrUJFZL1QYL9hUNuCxNObNzB0bV/ZG5jV3RWAQgo=
github.com/streadway/amqp v1.0.0/go.mod h1:AZpEONHx3DKn8O/DFsRAY58/XVQiIPMTMB1SddzLXVw=
